
Microsoft Visual Studio Solution File, Format Version 12.00
# Visual Studio Version 17
VisualStudioVersion = 17.9.34902.65
MinimumVisualStudioVersion = 15.0.26124.0
Project("{2150E333-8FDC-42A3-9474-1A3956D46DE8}") = "src", "src", "{42492861-B12F-4DF8-829D-681902308A31}"
EndProject
Project("{9A19103F-16F7-4668-BE54-9A1E7A4F7556}") = "OAuthArticle.Admin", "src\OAuthArticle.Admin\OAuthArticle.Admin.csproj", "{A238DEC4-A83E-4D8F-8D92-4AB56B62B79D}"
EndProject
Project("{9A19103F-16F7-4668-BE54-9A1E7A4F7556}") = "OAuthArticle.STS.Identity", "src\OAuthArticle.STS.Identity\OAuthArticle.STS.Identity.csproj", "{60BCDA3B-D816-4A60-9B40-8CA070C369BE}"
EndProject
Project("{9A19103F-16F7-4668-BE54-9A1E7A4F7556}") = "OAuthArticle.Admin.Api", "src\OAuthArticle.Admin.Api\OAuthArticle.Admin.Api.csproj", "{ABA87438-8AFC-48A2-A8CD-B94AD51E9427}"
EndProject
Project("{9A19103F-16F7-4668-BE54-9A1E7A4F7556}") = "OAuthArticle.Admin.EntityFramework.Shared", "src\OAuthArticle.Admin.EntityFramework.Shared\OAuthArticle.Admin.EntityFramework.Shared.csproj", "{60299878-01A7-4F54-8FDA-A53CD00F2D22}"
EndProject
Project("{9A19103F-16F7-4668-BE54-9A1E7A4F7556}") = "OAuthArticle.Admin.EntityFramework.MySql", "src\OAuthArticle.Admin.EntityFramework.MySql\OAuthArticle.Admin.EntityFramework.MySql.csproj", "{C838ECA5-BC22-4036-A6F4-3A79BD8C2624}"
EndProject
Project("{9A19103F-16F7-4668-BE54-9A1E7A4F7556}") = "OAuthArticle.Admin.EntityFramework.PostgreSQL", "src\OAuthArticle.Admin.EntityFramework.PostgreSQL\OAuthArticle.Admin.EntityFramework.PostgreSQL.csproj", "{851AA532-FADC-49C9-8DA1-0ABF379B3D80}"
EndProject
Project("{9A19103F-16F7-4668-BE54-9A1E7A4F7556}") = "OAuthArticle.Admin.EntityFramework.SqlServer", "src\OAuthArticle.Admin.EntityFramework.SqlServer\OAuthArticle.Admin.EntityFramework.SqlServer.csproj", "{5B1677B6-0921-480A-8C44-70DBFDCBDED6}"
EndProject
Project("{9A19103F-16F7-4668-BE54-9A1E7A4F7556}") = "OAuthArticle.Shared", "src\OAuthArticle.Shared\OAuthArticle.Shared.csproj", "{95D95371-B3DB-4162-8DCC-A40E7F4FB85E}"
EndProject
Project("{2150E333-8FDC-42A3-9474-1A3956D46DE8}") = "api", "api", "{F5F9F5FD-8161-4769-A73E-1B4BD3E9C332}"
EndProject
Project("{9A19103F-16F7-4668-BE54-9A1E7A4F7556}") = "OAuthArticle.ApiRewards", "src\RewardsApi.exemple\OAuthArticle.ApiRewards.csproj", "{2C527FA8-9EBD-49CD-A2D5-54F194252FAC}"
EndProject
Project("{2150E333-8FDC-42A3-9474-1A3956D46DE8}") = "client", "client", "{6B59D984-AFA0-4E20-A392-6D57C54C6355}"
EndProject
Project("{9A19103F-16F7-4668-BE54-9A1E7A4F7556}") = "ClientCodeApp.exemple", "src\ClientCodeApp.exemple\ClientCodeApp.exemple.csproj", "{DC23DE00-0C3C-4F95-AEE6-5FF6E9F069AB}"
EndProject
Project("{9A19103F-16F7-4668-BE54-9A1E7A4F7556}") = "DemonApp.exemple", "src\DemonApp.exemple\DemonApp.exemple.csproj", "{A361BC9A-FB29-4022-BACB-A3050AFA8FD9}"
EndProject
Global
	GlobalSection(SolutionConfigurationPlatforms) = preSolution
		Debug|Any CPU = Debug|Any CPU
		Debug|x64 = Debug|x64
		Debug|x86 = Debug|x86
		Release|Any CPU = Release|Any CPU
		Release|x64 = Release|x64
		Release|x86 = Release|x86
	EndGlobalSection
	GlobalSection(ProjectConfigurationPlatforms) = postSolution
		{A238DEC4-A83E-4D8F-8D92-4AB56B62B79D}.Debug|Any CPU.ActiveCfg = Debug|Any CPU
		{A238DEC4-A83E-4D8F-8D92-4AB56B62B79D}.Debug|Any CPU.Build.0 = Debug|Any CPU
		{A238DEC4-A83E-4D8F-8D92-4AB56B62B79D}.Debug|x64.ActiveCfg = Debug|Any CPU
		{A238DEC4-A83E-4D8F-8D92-4AB56B62B79D}.Debug|x64.Build.0 = Debug|Any CPU
		{A238DEC4-A83E-4D8F-8D92-4AB56B62B79D}.Debug|x86.ActiveCfg = Debug|Any CPU
		{A238DEC4-A83E-4D8F-8D92-4AB56B62B79D}.Debug|x86.Build.0 = Debug|Any CPU
		{A238DEC4-A83E-4D8F-8D92-4AB56B62B79D}.Release|Any CPU.ActiveCfg = Release|Any CPU
		{A238DEC4-A83E-4D8F-8D92-4AB56B62B79D}.Release|Any CPU.Build.0 = Release|Any CPU
		{A238DEC4-A83E-4D8F-8D92-4AB56B62B79D}.Release|x64.ActiveCfg = Release|Any CPU
		{A238DEC4-A83E-4D8F-8D92-4AB56B62B79D}.Release|x64.Build.0 = Release|Any CPU
		{A238DEC4-A83E-4D8F-8D92-4AB56B62B79D}.Release|x86.ActiveCfg = Release|Any CPU
		{A238DEC4-A83E-4D8F-8D92-4AB56B62B79D}.Release|x86.Build.0 = Release|Any CPU
		{60BCDA3B-D816-4A60-9B40-8CA070C369BE}.Debug|Any CPU.ActiveCfg = Debug|Any CPU
		{60BCDA3B-D816-4A60-9B40-8CA070C369BE}.Debug|Any CPU.Build.0 = Debug|Any CPU
		{60BCDA3B-D816-4A60-9B40-8CA070C369BE}.Debug|x64.ActiveCfg = Debug|Any CPU
		{60BCDA3B-D816-4A60-9B40-8CA070C369BE}.Debug|x64.Build.0 = Debug|Any CPU
		{60BCDA3B-D816-4A60-9B40-8CA070C369BE}.Debug|x86.ActiveCfg = Debug|Any CPU
		{60BCDA3B-D816-4A60-9B40-8CA070C369BE}.Debug|x86.Build.0 = Debug|Any CPU
		{60BCDA3B-D816-4A60-9B40-8CA070C369BE}.Release|Any CPU.ActiveCfg = Release|Any CPU
		{60BCDA3B-D816-4A60-9B40-8CA070C369BE}.Release|Any CPU.Build.0 = Release|Any CPU
		{60BCDA3B-D816-4A60-9B40-8CA070C369BE}.Release|x64.ActiveCfg = Release|Any CPU
		{60BCDA3B-D816-4A60-9B40-8CA070C369BE}.Release|x64.Build.0 = Release|Any CPU
		{60BCDA3B-D816-4A60-9B40-8CA070C369BE}.Release|x86.ActiveCfg = Release|Any CPU
		{60BCDA3B-D816-4A60-9B40-8CA070C369BE}.Release|x86.Build.0 = Release|Any CPU
		{ABA87438-8AFC-48A2-A8CD-B94AD51E9427}.Debug|Any CPU.ActiveCfg = Debug|Any CPU
		{ABA87438-8AFC-48A2-A8CD-B94AD51E9427}.Debug|Any CPU.Build.0 = Debug|Any CPU
		{ABA87438-8AFC-48A2-A8CD-B94AD51E9427}.Debug|x64.ActiveCfg = Debug|Any CPU
		{ABA87438-8AFC-48A2-A8CD-B94AD51E9427}.Debug|x64.Build.0 = Debug|Any CPU
		{ABA87438-8AFC-48A2-A8CD-B94AD51E9427}.Debug|x86.ActiveCfg = Debug|Any CPU
		{ABA87438-8AFC-48A2-A8CD-B94AD51E9427}.Debug|x86.Build.0 = Debug|Any CPU
		{ABA87438-8AFC-48A2-A8CD-B94AD51E9427}.Release|Any CPU.ActiveCfg = Release|Any CPU
		{ABA87438-8AFC-48A2-A8CD-B94AD51E9427}.Release|Any CPU.Build.0 = Release|Any CPU
		{ABA87438-8AFC-48A2-A8CD-B94AD51E9427}.Release|x64.ActiveCfg = Release|Any CPU
		{ABA87438-8AFC-48A2-A8CD-B94AD51E9427}.Release|x64.Build.0 = Release|Any CPU
		{ABA87438-8AFC-48A2-A8CD-B94AD51E9427}.Release|x86.ActiveCfg = Release|Any CPU
		{ABA87438-8AFC-48A2-A8CD-B94AD51E9427}.Release|x86.Build.0 = Release|Any CPU
		{60299878-01A7-4F54-8FDA-A53CD00F2D22}.Debug|Any CPU.ActiveCfg = Debug|Any CPU
		{60299878-01A7-4F54-8FDA-A53CD00F2D22}.Debug|Any CPU.Build.0 = Debug|Any CPU
		{60299878-01A7-4F54-8FDA-A53CD00F2D22}.Debug|x64.ActiveCfg = Debug|Any CPU
		{60299878-01A7-4F54-8FDA-A53CD00F2D22}.Debug|x64.Build.0 = Debug|Any CPU
		{60299878-01A7-4F54-8FDA-A53CD00F2D22}.Debug|x86.ActiveCfg = Debug|Any CPU
		{60299878-01A7-4F54-8FDA-A53CD00F2D22}.Debug|x86.Build.0 = Debug|Any CPU
		{60299878-01A7-4F54-8FDA-A53CD00F2D22}.Release|Any CPU.ActiveCfg = Release|Any CPU
		{60299878-01A7-4F54-8FDA-A53CD00F2D22}.Release|Any CPU.Build.0 = Release|Any CPU
		{60299878-01A7-4F54-8FDA-A53CD00F2D22}.Release|x64.ActiveCfg = Release|Any CPU
		{60299878-01A7-4F54-8FDA-A53CD00F2D22}.Release|x64.Build.0 = Release|Any CPU
		{60299878-01A7-4F54-8FDA-A53CD00F2D22}.Release|x86.ActiveCfg = Release|Any CPU
		{60299878-01A7-4F54-8FDA-A53CD00F2D22}.Release|x86.Build.0 = Release|Any CPU
		{C838ECA5-BC22-4036-A6F4-3A79BD8C2624}.Debug|Any CPU.ActiveCfg = Debug|Any CPU
		{C838ECA5-BC22-4036-A6F4-3A79BD8C2624}.Debug|Any CPU.Build.0 = Debug|Any CPU
		{C838ECA5-BC22-4036-A6F4-3A79BD8C2624}.Debug|x64.ActiveCfg = Debug|Any CPU
		{C838ECA5-BC22-4036-A6F4-3A79BD8C2624}.Debug|x64.Build.0 = Debug|Any CPU
		{C838ECA5-BC22-4036-A6F4-3A79BD8C2624}.Debug|x86.ActiveCfg = Debug|Any CPU
		{C838ECA5-BC22-4036-A6F4-3A79BD8C2624}.Debug|x86.Build.0 = Debug|Any CPU
		{C838ECA5-BC22-4036-A6F4-3A79BD8C2624}.Release|Any CPU.ActiveCfg = Release|Any CPU
		{C838ECA5-BC22-4036-A6F4-3A79BD8C2624}.Release|Any CPU.Build.0 = Release|Any CPU
		{C838ECA5-BC22-4036-A6F4-3A79BD8C2624}.Release|x64.ActiveCfg = Release|Any CPU
		{C838ECA5-BC22-4036-A6F4-3A79BD8C2624}.Release|x64.Build.0 = Release|Any CPU
		{C838ECA5-BC22-4036-A6F4-3A79BD8C2624}.Release|x86.ActiveCfg = Release|Any CPU
		{C838ECA5-BC22-4036-A6F4-3A79BD8C2624}.Release|x86.Build.0 = Release|Any CPU
		{851AA532-FADC-49C9-8DA1-0ABF379B3D80}.Debug|Any CPU.ActiveCfg = Debug|Any CPU
		{851AA532-FADC-49C9-8DA1-0ABF379B3D80}.Debug|Any CPU.Build.0 = Debug|Any CPU
		{851AA532-FADC-49C9-8DA1-0ABF379B3D80}.Debug|x64.ActiveCfg = Debug|Any CPU
		{851AA532-FADC-49C9-8DA1-0ABF379B3D80}.Debug|x64.Build.0 = Debug|Any CPU
		{851AA532-FADC-49C9-8DA1-0ABF379B3D80}.Debug|x86.ActiveCfg = Debug|Any CPU
		{851AA532-FADC-49C9-8DA1-0ABF379B3D80}.Debug|x86.Build.0 = Debug|Any CPU
		{851AA532-FADC-49C9-8DA1-0ABF379B3D80}.Release|Any CPU.ActiveCfg = Release|Any CPU
		{851AA532-FADC-49C9-8DA1-0ABF379B3D80}.Release|Any CPU.Build.0 = Release|Any CPU
		{851AA532-FADC-49C9-8DA1-0ABF379B3D80}.Release|x64.ActiveCfg = Release|Any CPU
		{851AA532-FADC-49C9-8DA1-0ABF379B3D80}.Release|x64.Build.0 = Release|Any CPU
		{851AA532-FADC-49C9-8DA1-0ABF379B3D80}.Release|x86.ActiveCfg = Release|Any CPU
		{851AA532-FADC-49C9-8DA1-0ABF379B3D80}.Release|x86.Build.0 = Release|Any CPU
		{5B1677B6-0921-480A-8C44-70DBFDCBDED6}.Debug|Any CPU.ActiveCfg = Debug|Any CPU
		{5B1677B6-0921-480A-8C44-70DBFDCBDED6}.Debug|Any CPU.Build.0 = Debug|Any CPU
		{5B1677B6-0921-480A-8C44-70DBFDCBDED6}.Debug|x64.ActiveCfg = Debug|Any CPU
		{5B1677B6-0921-480A-8C44-70DBFDCBDED6}.Debug|x64.Build.0 = Debug|Any CPU
		{5B1677B6-0921-480A-8C44-70DBFDCBDED6}.Debug|x86.ActiveCfg = Debug|Any CPU
		{5B1677B6-0921-480A-8C44-70DBFDCBDED6}.Debug|x86.Build.0 = Debug|Any CPU
		{5B1677B6-0921-480A-8C44-70DBFDCBDED6}.Release|Any CPU.ActiveCfg = Release|Any CPU
		{5B1677B6-0921-480A-8C44-70DBFDCBDED6}.Release|Any CPU.Build.0 = Release|Any CPU
		{5B1677B6-0921-480A-8C44-70DBFDCBDED6}.Release|x64.ActiveCfg = Release|Any CPU
		{5B1677B6-0921-480A-8C44-70DBFDCBDED6}.Release|x64.Build.0 = Release|Any CPU
		{5B1677B6-0921-480A-8C44-70DBFDCBDED6}.Release|x86.ActiveCfg = Release|Any CPU
		{5B1677B6-0921-480A-8C44-70DBFDCBDED6}.Release|x86.Build.0 = Release|Any CPU
		{95D95371-B3DB-4162-8DCC-A40E7F4FB85E}.Debug|Any CPU.ActiveCfg = Debug|Any CPU
		{95D95371-B3DB-4162-8DCC-A40E7F4FB85E}.Debug|Any CPU.Build.0 = Debug|Any CPU
		{95D95371-B3DB-4162-8DCC-A40E7F4FB85E}.Debug|x64.ActiveCfg = Debug|Any CPU
		{95D95371-B3DB-4162-8DCC-A40E7F4FB85E}.Debug|x64.Build.0 = Debug|Any CPU
		{95D95371-B3DB-4162-8DCC-A40E7F4FB85E}.Debug|x86.ActiveCfg = Debug|Any CPU
		{95D95371-B3DB-4162-8DCC-A40E7F4FB85E}.Debug|x86.Build.0 = Debug|Any CPU
		{95D95371-B3DB-4162-8DCC-A40E7F4FB85E}.Release|Any CPU.ActiveCfg = Release|Any CPU
		{95D95371-B3DB-4162-8DCC-A40E7F4FB85E}.Release|Any CPU.Build.0 = Release|Any CPU
		{95D95371-B3DB-4162-8DCC-A40E7F4FB85E}.Release|x64.ActiveCfg = Release|Any CPU
		{95D95371-B3DB-4162-8DCC-A40E7F4FB85E}.Release|x64.Build.0 = Release|Any CPU
		{95D95371-B3DB-4162-8DCC-A40E7F4FB85E}.Release|x86.ActiveCfg = Release|Any CPU
		{95D95371-B3DB-4162-8DCC-A40E7F4FB85E}.Release|x86.Build.0 = Release|Any CPU
		{2C527FA8-9EBD-49CD-A2D5-54F194252FAC}.Debug|Any CPU.ActiveCfg = Debug|Any CPU
		{2C527FA8-9EBD-49CD-A2D5-54F194252FAC}.Debug|Any CPU.Build.0 = Debug|Any CPU
		{2C527FA8-9EBD-49CD-A2D5-54F194252FAC}.Debug|x64.ActiveCfg = Debug|Any CPU
		{2C527FA8-9EBD-49CD-A2D5-54F194252FAC}.Debug|x64.Build.0 = Debug|Any CPU
		{2C527FA8-9EBD-49CD-A2D5-54F194252FAC}.Debug|x86.ActiveCfg = Debug|Any CPU
		{2C527FA8-9EBD-49CD-A2D5-54F194252FAC}.Debug|x86.Build.0 = Debug|Any CPU
		{2C527FA8-9EBD-49CD-A2D5-54F194252FAC}.Release|Any CPU.ActiveCfg = Release|Any CPU
		{2C527FA8-9EBD-49CD-A2D5-54F194252FAC}.Release|Any CPU.Build.0 = Release|Any CPU
		{2C527FA8-9EBD-49CD-A2D5-54F194252FAC}.Release|x64.ActiveCfg = Release|Any CPU
		{2C527FA8-9EBD-49CD-A2D5-54F194252FAC}.Release|x64.Build.0 = Release|Any CPU
		{2C527FA8-9EBD-49CD-A2D5-54F194252FAC}.Release|x86.ActiveCfg = Release|Any CPU
		{2C527FA8-9EBD-49CD-A2D5-54F194252FAC}.Release|x86.Build.0 = Release|Any CPU
		{DC23DE00-0C3C-4F95-AEE6-5FF6E9F069AB}.Debug|Any CPU.ActiveCfg = Debug|Any CPU
		{DC23DE00-0C3C-4F95-AEE6-5FF6E9F069AB}.Debug|Any CPU.Build.0 = Debug|Any CPU
		{DC23DE00-0C3C-4F95-AEE6-5FF6E9F069AB}.Debug|x64.ActiveCfg = Debug|Any CPU
		{DC23DE00-0C3C-4F95-AEE6-5FF6E9F069AB}.Debug|x64.Build.0 = Debug|Any CPU
		{DC23DE00-0C3C-4F95-AEE6-5FF6E9F069AB}.Debug|x86.ActiveCfg = Debug|Any CPU
		{DC23DE00-0C3C-4F95-AEE6-5FF6E9F069AB}.Debug|x86.Build.0 = Debug|Any CPU
		{DC23DE00-0C3C-4F95-AEE6-5FF6E9F069AB}.Release|Any CPU.ActiveCfg = Release|Any CPU
		{DC23DE00-0C3C-4F95-AEE6-5FF6E9F069AB}.Release|Any CPU.Build.0 = Release|Any CPU
		{DC23DE00-0C3C-4F95-AEE6-5FF6E9F069AB}.Release|x64.ActiveCfg = Release|Any CPU
		{DC23DE00-0C3C-4F95-AEE6-5FF6E9F069AB}.Release|x64.Build.0 = Release|Any CPU
		{DC23DE00-0C3C-4F95-AEE6-5FF6E9F069AB}.Release|x86.ActiveCfg = Release|Any CPU
		{DC23DE00-0C3C-4F95-AEE6-5FF6E9F069AB}.Release|x86.Build.0 = Release|Any CPU
		{A361BC9A-FB29-4022-BACB-A3050AFA8FD9}.Debug|Any CPU.ActiveCfg = Debug|Any CPU
		{A361BC9A-FB29-4022-BACB-A3050AFA8FD9}.Debug|Any CPU.Build.0 = Debug|Any CPU
		{A361BC9A-FB29-4022-BACB-A3050AFA8FD9}.Debug|x64.ActiveCfg = Debug|Any CPU
		{A361BC9A-FB29-4022-BACB-A3050AFA8FD9}.Debug|x64.Build.0 = Debug|Any CPU
		{A361BC9A-FB29-4022-BACB-A3050AFA8FD9}.Debug|x86.ActiveCfg = Debug|Any CPU
		{A361BC9A-FB29-4022-BACB-A3050AFA8FD9}.Debug|x86.Build.0 = Debug|Any CPU
		{A361BC9A-FB29-4022-BACB-A3050AFA8FD9}.Release|Any CPU.ActiveCfg = Release|Any CPU
		{A361BC9A-FB29-4022-BACB-A3050AFA8FD9}.Release|Any CPU.Build.0 = Release|Any CPU
		{A361BC9A-FB29-4022-BACB-A3050AFA8FD9}.Release|x64.ActiveCfg = Release|Any CPU
		{A361BC9A-FB29-4022-BACB-A3050AFA8FD9}.Release|x64.Build.0 = Release|Any CPU
		{A361BC9A-FB29-4022-BACB-A3050AFA8FD9}.Release|x86.ActiveCfg = Release|Any CPU
		{A361BC9A-FB29-4022-BACB-A3050AFA8FD9}.Release|x86.Build.0 = Release|Any CPU
	EndGlobalSection
	GlobalSection(SolutionProperties) = preSolution
		HideSolutionNode = FALSE
	EndGlobalSection
	GlobalSection(NestedProjects) = preSolution
		{A238DEC4-A83E-4D8F-8D92-4AB56B62B79D} = {42492861-B12F-4DF8-829D-681902308A31}
		{60BCDA3B-D816-4A60-9B40-8CA070C369BE} = {42492861-B12F-4DF8-829D-681902308A31}
		{ABA87438-8AFC-48A2-A8CD-B94AD51E9427} = {42492861-B12F-4DF8-829D-681902308A31}
		{60299878-01A7-4F54-8FDA-A53CD00F2D22} = {42492861-B12F-4DF8-829D-681902308A31}
		{C838ECA5-BC22-4036-A6F4-3A79BD8C2624} = {42492861-B12F-4DF8-829D-681902308A31}
		{851AA532-FADC-49C9-8DA1-0ABF379B3D80} = {42492861-B12F-4DF8-829D-681902308A31}
		{5B1677B6-0921-480A-8C44-70DBFDCBDED6} = {42492861-B12F-4DF8-829D-681902308A31}
		{95D95371-B3DB-4162-8DCC-A40E7F4FB85E} = {42492861-B12F-4DF8-829D-681902308A31}
		{2C527FA8-9EBD-49CD-A2D5-54F194252FAC} = {F5F9F5FD-8161-4769-A73E-1B4BD3E9C332}
		{DC23DE00-0C3C-4F95-AEE6-5FF6E9F069AB} = {6B59D984-AFA0-4E20-A392-6D57C54C6355}
		{A361BC9A-FB29-4022-BACB-A3050AFA8FD9} = {6B59D984-AFA0-4E20-A392-6D57C54C6355}
	EndGlobalSection
	GlobalSection(ExtensibilityGlobals) = postSolution
		SolutionGuid = {1D626DA8-ECA7-47A8-809A-ADBDFE4CCC34}
	EndGlobalSection
EndGlobal
